Microsoft Visual Studio Solution File, Format Version 9.00
# Visual Studio 2005
Project("{8BC9CEB8-8B4A-11D0-8D11-00A0C91BC942}") = "t1b", "t1b.vcproj", "{15098CC6-69E8-4520-AD6A-E542D997ECDF}"
	ProjectSection(ProjectDependencies) = postProject
		{66E3CE14-884D-4AEA-9F20-15A0BEAF8C5A} = {66E3CE14-884D-4AEA-9F20-15A0BEAF8C5A}
		{443B0F2E-402F-4EB7-8601-FC8BA3B710A5} = {443B0F2E-402F-4EB7-8601-FC8BA3B710A5}
		{D6E68D9A-EBB8-4ED2-BA45-ED12A3DE16B2} = {D6E68D9A-EBB8-4ED2-BA45-ED12A3DE16B2}
		{7F7ABBF5-D922-41ED-B84C-007DDD3B6C67} = {7F7ABBF5-D922-41ED-B84C-007DDD3B6C67}
	EndProjectSection
EndProject
Project("{8BC9CEB8-8B4A-11D0-8D11-00A0C91BC942}") = "LuaVS", "lua\LuaVS\LuaVS.vcproj", "{443B0F2E-402F-4EB7-8601-FC8BA3B710A5}"
EndProject
Project("{8BC9CEB8-8B4A-11D0-8D11-00A0C91BC942}") = "HDetour", "HDetour\Project\HDetour.vcproj", "{D6E68D9A-EBB8-4ED2-BA45-ED12A3DE16B2}"
EndProject
Project("{8BC9CEB8-8B4A-11D0-8D11-00A0C91BC942}") = "LuaSocket", "luasocket\socket.vcproj", "{66E3CE14-884D-4AEA-9F20-15A0BEAF8C5A}"
	ProjectSection(ProjectDependencies) = postProject
		{443B0F2E-402F-4EB7-8601-FC8BA3B710A5} = {443B0F2E-402F-4EB7-8601-FC8BA3B710A5}
	EndProjectSection
EndProject
Project("{8BC9CEB8-8B4A-11D0-8D11-00A0C91BC942}") = "NewWog", "NewWog\WogNew.vcproj", "{7F7ABBF5-D922-41ED-B84C-007DDD3B6C67}"
	ProjectSection(ProjectDependencies) = postProject
		{66E3CE14-884D-4AEA-9F20-15A0BEAF8C5A} = {66E3CE14-884D-4AEA-9F20-15A0BEAF8C5A}
		{443B0F2E-402F-4EB7-8601-FC8BA3B710A5} = {443B0F2E-402F-4EB7-8601-FC8BA3B710A5}
		{D6E68D9A-EBB8-4ED2-BA45-ED12A3DE16B2} = {D6E68D9A-EBB8-4ED2-BA45-ED12A3DE16B2}
	EndProjectSection
EndProject
Global
	GlobalSection(SolutionConfigurationPlatforms) = preSolution
		Release|Win32 = Release|Win32
	EndGlobalSection
	GlobalSection(ProjectConfigurationPlatforms) = postSolution
		{15098CC6-69E8-4520-AD6A-E542D997ECDF}.Release|Win32.ActiveCfg = Release|Win32
		{15098CC6-69E8-4520-AD6A-E542D997ECDF}.Release|Win32.Build.0 = Release|Win32
		{443B0F2E-402F-4EB7-8601-FC8BA3B710A5}.Release|Win32.ActiveCfg = Release|Win32
		{443B0F2E-402F-4EB7-8601-FC8BA3B710A5}.Release|Win32.Build.0 = Release|Win32
		{D6E68D9A-EBB8-4ED2-BA45-ED12A3DE16B2}.Release|Win32.ActiveCfg = Release|Win32
		{D6E68D9A-EBB8-4ED2-BA45-ED12A3DE16B2}.Release|Win32.Build.0 = Release|Win32
		{66E3CE14-884D-4AEA-9F20-15A0BEAF8C5A}.Release|Win32.ActiveCfg = Release|Win32
		{66E3CE14-884D-4AEA-9F20-15A0BEAF8C5A}.Release|Win32.Build.0 = Release|Win32
		{7F7ABBF5-D922-41ED-B84C-007DDD3B6C67}.Release|Win32.ActiveCfg = Release|Win32
		{7F7ABBF5-D922-41ED-B84C-007DDD3B6C67}.Release|Win32.Build.0 = Release|Win32
	EndGlobalSection
	GlobalSection(SolutionProperties) = preSolution
		HideSolutionNode = FALSE
	EndGlobalSection
EndGlobal
